
Microsoft Visual Studio Solution File, Format Version 12.00
# Visual Studio Version 17
VisualStudioVersion = 17.5.33627.172
MinimumVisualStudioVersion = 10.0.40219.1
Project("{FAE04EC0-301F-11D3-BF4B-00C04F79EFBC}") = "MagicVilla-VillaApi", "MagicVilla-VillaApi\MagicVilla-VillaApi.csproj", "{10BB9448-D9DC-4F9C-A18F-9CDD4CE8146F}"
EndProject
Global
	GlobalSection(SolutionConfigurationPlatforms) = preSolution
		Debug|Any CPU = Debug|Any CPU
		Release|Any CPU = Release|Any CPU
	EndGlobalSection
	GlobalSection(ProjectConfigurationPlatforms) = postSolution
		{10BB9448-D9DC-4F9C-A18F-9CDD4CE8146F}.Debug|Any CPU.ActiveCfg = Debug|Any CPU
		{10BB9448-D9DC-4F9C-A18F-9CDD4CE8146F}.Debug|Any CPU.Build.0 = Debug|Any CPU
		{10BB9448-D9DC-4F9C-A18F-9CDD4CE8146F}.Release|Any CPU.ActiveCfg = Release|Any CPU
		{10BB9448-D9DC-4F9C-A18F-9CDD4CE8146F}.Release|Any CPU.Build.0 = Release|Any CPU
	EndGlobalSection
	GlobalSection(SolutionProperties) = preSolution
		HideSolutionNode = FALSE
	EndGlobalSection
	GlobalSection(ExtensibilityGlobals) = postSolution
		SolutionGuid = {2DFD3D72-6C9B-4355-8EDF-8C4E0925DC22}
	EndGlobalSection
EndGlobal
